// !$*UTF8*$!
{
	archiveVersion = 1;
	classes = {
	};
	objectVersion = 50;
	objects = {

/* Begin PBXBuildFile section */
		30BC000023EC626A0007C6BC /* LaunchScreen.storyboard in Resources */ = {isa = PBXBuildFile; fileRef = 30BCFFFE23EC626A0007C6BC /* LaunchScreen.storyboard */; };
		30BC000B23EC626A0007C6BC /* MVVMTests.swift in Sources */ = {isa = PBXBuildFile; fileRef = 30BC000A23EC626A0007C6BC /* MVVMTests.swift */; };
		30BC001623EC626A0007C6BC /* MVVMUITests.swift in Sources */ = {isa = PBXBuildFile; fileRef = 30BC001523EC626A0007C6BC /* MVVMUITests.swift */; };
		30BCFFF423EC62670007C6BC /* AppDelegate.swift in Sources */ = {isa = PBXBuildFile; fileRef = 30BCFFF323EC62670007C6BC /* AppDelegate.swift */; };
		30BCFFF623EC62670007C6BC /* SceneDelegate.swift in Sources */ = {isa = PBXBuildFile; fileRef = 30BCFFF523EC62670007C6BC /* SceneDelegate.swift */; };
		30BCFFF823EC62670007C6BC /* ViewController.swift in Sources */ = {isa = PBXBuildFile; fileRef = 30BCFFF723EC62670007C6BC /* ViewController.swift */; };
		30BCFFFB23EC62670007C6BC /* Main.storyboard in Resources */ = {isa = PBXBuildFile; fileRef = 30BCFFF923EC62670007C6BC /* Main.storyboard */; };
		30BCFFFD23EC626A0007C6BC /* Assets.xcassets in Resources */ = {isa = PBXBuildFile; fileRef = 30BCFFFC23EC626A0007C6BC /* Assets.xcassets */; };
/* End PBXBuildFile section */

/* Begin PBXContainerItemProxy section */
		30BC000723EC626A0007C6BC /* PBXContainerItemProxy */ = {
			isa = PBXContainerItemProxy;
			containerPortal = 30BCFFE823EC62670007C6BC /* Project object */;
			proxyType = 1;
			remoteGlobalIDString = 30BCFFEF23EC62670007C6BC;
			remoteInfo = MVVM;
		};
		30BC001223EC626A0007C6BC /* PBXContainerItemProxy */ = {
			isa = PBXContainerItemProxy;
			containerPortal = 30BCFFE823EC62670007C6BC /* Project object */;
			proxyType = 1;
			remoteGlobalIDString = 30BCFFEF23EC62670007C6BC;
			remoteInfo = MVVM;
		};
/* End PBXContainerItemProxy section */

/* Begin PBXFileReference section */
		30BC000123EC626A0007C6BC /* Info.plist */ = {isa = PBXFileReference; lastKnownFileType = text.plist.xml; path = Info.plist; sourceTree = "<group>"; };
		30BC000623EC626A0007C6BC /* MVVMTests.xctest */ = {isa = PBXFileReference; explicitFileType = wrapper.cfbundle; includeInIndex = 0; path = MVVMTests.xctest; sourceTree = BUILT_PRODUCTS_DIR; };
		30BC000A23EC626A0007C6BC /* MVVMTests.swift */ = {isa = PBXFileReference; lastKnownFileType = sourcecode.swift; path = MVVMTests.swift; sourceTree = "<group>"; };
		30BC000C23EC626A0007C6BC /* Info.plist */ = {isa = PBXFileReference; lastKnownFileType = text.plist.xml; path = Info.plist; sourceTree = "<group>"; };
		30BC001123EC626A0007C6BC /* MVVMUITests.xctest */ = {isa = PBXFileReference; explicitFileType = wrapper.cfbundle; includeInIndex = 0; path = MVVMUITests.xctest; sourceTree = BUILT_PRODUCTS_DIR; };
		30BC001523EC626A0007C6BC /* MVVMUITests.swift */ = {isa = PBXFileReference; lastKnownFileType = sourcecode.swift; path = MVVMUITests.swift; sourceTree = "<group>"; };
		30BC001723EC626A0007C6BC /* Info.plist */ = {isa = PBXFileReference; lastKnownFileType = text.plist.xml; path = Info.plist; sourceTree = "<group>"; };
		30BCFFF023EC62670007C6BC /* MVVM.app */ = {isa = PBXFileReference; explicitFileType = wrapper.application; includeInIndex = 0; path = MVVM.app; sourceTree = BUILT_PRODUCTS_DIR; };
		30BCFFF323EC62670007C6BC /* AppDelegate.swift */ = {isa = PBXFileReference; lastKnownFileType = sourcecode.swift; path = AppDelegate.swift; sourceTree = "<group>"; };
		30BCFFF523EC62670007C6BC /* SceneDelegate.swift */ = {isa = PBXFileReference; lastKnownFileType = sourcecode.swift; path = SceneDelegate.swift; sourceTree = "<group>"; };
		30BCFFF723EC62670007C6BC /* ViewController.swift */ = {isa = PBXFileReference; lastKnownFileType = sourcecode.swift; path = ViewController.swift; sourceTree = "<group>"; };
		30BCFFFA23EC62670007C6BC /* Base */ = {isa = PBXFileReference; lastKnownFileType = file.storyboard; name = Base; path = Base.lproj/Main.storyboard; sourceTree = "<group>"; };
		30BCFFFC23EC626A0007C6BC /* Assets.xcassets */ = {isa = PBXFileReference; lastKnownFileType = folder.assetcatalog; path = Assets.xcassets; sourceTree = "<group>"; };
		30BCFFFF23EC626A0007C6BC /* Base */ = {isa = PBXFileReference; lastKnownFileType = file.storyboard; name = Base; path = Base.lproj/LaunchScreen.storyboard; sourceTree = "<group>"; };
/* End PBXFileReference section */

/* Begin PBXFrameworksBuildPhase section */
		30BC000323EC626A0007C6BC /* Frameworks */ = {
			isa = PBXFrameworksBuildPhase;
			buildActionMask = 2147483647;
			files = (
			);
			runOnlyForDeploymentPostprocessing = 0;
		};
		30BC000E23EC626A0007C6BC /* Frameworks */ = {
			isa = PBXFrameworksBuildPhase;
			buildActionMask = 2147483647;
			files = (
			);
			runOnlyForDeploymentPostprocessing = 0;
		};
		30BCFFED23EC62670007C6BC /* Frameworks */ = {
			isa = PBXFrameworksBuildPhase;
			buildActionMask = 2147483647;
			files = (
			);
			runOnlyForDeploymentPostprocessing = 0;
		};
/* End PBXFrameworksBuildPhase section */

/* Begin PBXGroup section */
		30BC000923EC626A0007C6BC /* MVVMTests */ = {
			isa = PBXGroup;
			children = (
				30BC000A23EC626A0007C6BC /* MVVMTests.swift */,
				30BC000C23EC626A0007C6BC /* Info.plist */,
			);
			path = MVVMTests;
			sourceTree = "<group>";
		};
		30BC001423EC626A0007C6BC /* MVVMUITests */ = {
			isa = PBXGroup;
			children = (
				30BC001523EC626A0007C6BC /* MVVMUITests.swift */,
				30BC001723EC626A0007C6BC /* Info.plist */,
			);
			path = MVVMUITests;
			sourceTree = "<group>";
		};
		30BCFFE723EC62670007C6BC = {
			isa = PBXGroup;
			children = (
				30BCFFF223EC62670007C6BC /* MVVM */,
				30BC000923EC626A0007C6BC /* MVVMTests */,
				30BC001423EC626A0007C6BC /* MVVMUITests */,
				30BCFFF123EC62670007C6BC /* Products */,
			);
			sourceTree = "<group>";
		};
		30BCFFF123EC62670007C6BC /* Products */ = {
			isa = PBXGroup;
			children = (
				30BCFFF023EC62670007C6BC /* MVVM.app */,
				30BC000623EC626A0007C6BC /* MVVMTests.xctest */,
				30BC001123EC626A0007C6BC /* MVVMUITests.xctest */,
			);
			name = Products;
			sourceTree = "<group>";
		};
		30BCFFF223EC62670007C6BC /* MVVM */ = {
			isa = PBXGroup;
			children = (
				30BCFFF323EC62670007C6BC /* AppDelegate.swift */,
				30BCFFF523EC62670007C6BC /* SceneDelegate.swift */,
				30BCFFF723EC62670007C6BC /* ViewController.swift */,
				30BCFFF923EC62670007C6BC /* Main.storyboard */,
				30BCFFFC23EC626A0007C6BC /* Assets.xcassets */,
				30BCFFFE23EC626A0007C6BC /* LaunchScreen.storyboard */,
				30BC000123EC626A0007C6BC /* Info.plist */,
			);
			path = MVVM;
			sourceTree = "<group>";
		};
/* End PBXGroup section */

/* Begin PBXNativeTarget section */
		30BC000523EC626A0007C6BC /* MVVMTests */ = {
			isa = PBXNativeTarget;
			buildConfigurationList = 30BC001D23EC626A0007C6BC /* Build configuration list for PBXNativeTarget "MVVMTests" */;
			buildPhases = (
				30BC000223EC626A0007C6BC /* Sources */,
				30BC000323EC626A0007C6BC /* Frameworks */,
				30BC000423EC626A0007C6BC /* Resources */,
			);
			buildRules = (
			);
			dependencies = (
				30BC000823EC626A0007C6BC /* PBXTargetDependency */,
			);
			name = MVVMTests;
			productName = MVVMTests;
			productReference = 30BC000623EC626A0007C6BC /* MVVMTests.xctest */;
			productType = "com.apple.product-type.bundle.unit-test";
		};
		30BC001023EC626A0007C6BC /* MVVMUITests */ = {
			isa = PBXNativeTarget;
			buildConfigurationList = 30BC002023EC626A0007C6BC /* Build configuration list for PBXNativeTarget "MVVMUITests" */;
			buildPhases = (
				30BC000D23EC626A0007C6BC /* Sources */,
				30BC000E23EC626A0007C6BC /* Frameworks */,
				30BC000F23EC626A0007C6BC /* Resources */,
			);
			buildRules = (
			);
			dependencies = (
				30BC001323EC626A0007C6BC /* PBXTargetDependency */,
			);
			name = MVVMUITests;
			productName = MVVMUITests;
			productReference = 30BC001123EC626A0007C6BC /* MVVMUITests.xctest */;
			productType = "com.apple.product-type.bundle.ui-testing";
		};
		30BCFFEF23EC62670007C6BC /* MVVM */ = {
			isa = PBXNativeTarget;
			buildConfigurationList = 30BC001A23EC626A0007C6BC /* Build configuration list for PBXNativeTarget "MVVM" */;
			buildPhases = (
				30BCFFEC23EC62670007C6BC /* Sources */,
				30BCFFED23EC62670007C6BC /* Frameworks */,
				30BCFFEE23EC62670007C6BC /* Resources */,
			);
			buildRules = (
			);
			dependencies = (
			);
			name = MVVM;
			productName = MVVM;
			productReference = 30BCFFF023EC62670007C6BC /* MVVM.app */;
			productType = "com.apple.product-type.application";
		};
/* End PBXNativeTarget section */

/* Begin PBXProject section */
		30BCFFE823EC62670007C6BC /* Project object */ = {
			isa = PBXProject;
			attributes = {
				LastSwiftUpdateCheck = 1120;
				LastUpgradeCheck = 1120;
				ORGANIZATIONNAME = "Sugeng Wibowo";
				TargetAttributes = {
					30BC000523EC626A0007C6BC = {
						CreatedOnToolsVersion = 11.2.1;
						TestTargetID = 30BCFFEF23EC62670007C6BC;
					};
					30BC001023EC626A0007C6BC = {
						CreatedOnToolsVersion = 11.2.1;
						TestTargetID = 30BCFFEF23EC62670007C6BC;
					};
					30BCFFEF23EC62670007C6BC = {
						CreatedOnToolsVersion = 11.2.1;
					};
				};
			};
			buildConfigurationList = 30BCFFEB23EC62670007C6BC /* Build configuration list for PBXProject "MVVM" */;
			compatibilityVersion = "Xcode 9.3";
			developmentRegion = en;
			hasScannedForEncodings = 0;
			knownRegions = (
				en,
				Base,
			);
			mainGroup = 30BCFFE723EC62670007C6BC;
			productRefGroup = 30BCFFF123EC62670007C6BC /* Products */;
			projectDirPath = "";
			projectRoot = "";
			targets = (
				30BCFFEF23EC62670007C6BC /* MVVM */,
				30BC000523EC626A0007C6BC /* MVVMTests */,
				30BC001023EC626A0007C6BC /* MVVMUITests */,
			);
		};
/* End PBXProject section */

/* Begin PBXResourcesBuildPhase section */
		30BC000423EC626A0007C6BC /* Resources */ = {
			isa = PBXResourcesBuildPhase;
			buildActionMask = 2147483647;
			files = (
			);
			runOnlyForDeploymentPostprocessing = 0;
		};
		30BC000F23EC626A0007C6BC /* Resources */ = {
			isa = PBXResourcesBuildPhase;
			buildActionMask = 2147483647;
			files = (
			);
			runOnlyForDeploymentPostprocessing = 0;
		};
		30BCFFEE23EC62670007C6BC /* Resources */ = {
			isa = PBXResourcesBuildPhase;
			buildActionMask = 2147483647;
			files = (
				30BC000023EC626A0007C6BC /* LaunchScreen.storyboard in Resources */,
				30BCFFFD23EC626A0007C6BC /* Assets.xcassets in Resources */,
				30BCFFFB23EC62670007C6BC /* Main.storyboard in Resources */,
			);
			runOnlyForDeploymentPostprocessing = 0;
		};
/* End PBXResourcesBuildPhase section */

/* Begin PBXSourcesBuildPhase section */
		30BC000223EC626A0007C6BC /* Sources */ = {
			isa = PBXSourcesBuildPhase;
			buildActionMask = 2147483647;
			files = (
				30BC000B23EC626A0007C6BC /* MVVMTests.swift in Sources */,
			);
			runOnlyForDeploymentPostprocessing = 0;
		};
		30BC000D23EC626A0007C6BC /* Sources */ = {
			isa = PBXSourcesBuildPhase;
			buildActionMask = 2147483647;
			files = (
				30BC001623EC626A0007C6BC /* MVVMUITests.swift in Sources */,
			);
			runOnlyForDeploymentPostprocessing = 0;
		};
		30BCFFEC23EC62670007C6BC /* Sources */ = {
			isa = PBXSourcesBuildPhase;
			buildActionMask = 2147483647;
			files = (
				30BCFFF823EC62670007C6BC /* ViewController.swift in Sources */,
				30BCFFF423EC62670007C6BC /* AppDelegate.swift in Sources */,
				30BCFFF623EC62670007C6BC /* SceneDelegate.swift in Sources */,
			);
			runOnlyForDeploymentPostprocessing = 0;
		};
/* End PBXSourcesBuildPhase section */

/* Begin PBXTargetDependency section */
		30BC000823EC626A0007C6BC /* PBXTargetDependency */ = {
			isa = PBXTargetDependency;
			target = 30BCFFEF23EC62670007C6BC /* MVVM */;
			targetProxy = 30BC000723EC626A0007C6BC /* PBXContainerItemProxy */;
		};
		30BC001323EC626A0007C6BC /* PBXTargetDependency */ = {
			isa = PBXTargetDependency;
			target = 30BCFFEF23EC62670007C6BC /* MVVM */;
			targetProxy = 30BC001223EC626A0007C6BC /* PBXContainerItemProxy */;
		};
/* End PBXTargetDependency section */

/* Begin PBXVariantGroup section */
		30BCFFF923EC62670007C6BC /* Main.storyboard */ = {
			isa = PBXVariantGroup;
			children = (
				30BCFFFA23EC62670007C6BC /* Base */,
			);
			name = Main.storyboard;
			sourceTree = "<group>";
		};
		30BCFFFE23EC626A0007C6BC /* LaunchScreen.storyboard */ = {
			isa = PBXVariantGroup;
			children = (
				30BCFFFF23EC626A0007C6BC /* Base */,
			);
			name = LaunchScreen.storyboard;
			sourceTree = "<group>";
		};
/* End PBXVariantGroup section */

/* Begin XCBuildConfiguration section */
		30BC001823EC626A0007C6BC /* Debug */ = {
			isa = XCBuildConfiguration;
			buildSettings = {
				ALWAYS_SEARCH_USER_PATHS = NO;
				CLANG_ANALYZER_NONNULL = YES;
				CLANG_ANALYZER_NUMBER_OBJECT_CONVERSION = YES_AGGRESSIVE;
				CLANG_CXX_LANGUAGE_STANDARD = "gnu++14";
				CLANG_CXX_LIBRARY = "libc++";
				CLANG_ENABLE_MODULES = YES;
				CLANG_ENABLE_OBJC_ARC = YES;
				CLANG_ENABLE_OBJC_WEAK = YES;
				CLANG_WARN_BLOCK_CAPTURE_AUTORELEASING = YES;
				CLANG_WARN_BOOL_CONVERSION = YES;
				CLANG_WARN_COMMA = YES;
				CLANG_WARN_CONSTANT_CONVERSION = YES;
				CLANG_WARN_DEPRECATED_OBJC_IMPLEMENTATIONS = YES;
				CLANG_WARN_DIRECT_OBJC_ISA_USAGE = YES_ERROR;
				CLANG_WARN_DOCUMENTATION_COMMENTS = YES;
				CLANG_WARN_EMPTY_BODY = YES;
				CLANG_WARN_ENUM_CONVERSION = YES;
				CLANG_WARN_INFINITE_RECURSION = YES;
				CLANG_WARN_INT_CONVERSION = YES;
				CLANG_WARN_NON_LITERAL_NULL_CONVERSION = YES;
				CLANG_WARN_OBJC_IMPLICIT_RETAIN_SELF = YES;
				CLANG_WARN_OBJC_LITERAL_CONVERSION = YES;
				CLANG_WARN_OBJC_ROOT_CLASS = YES_ERROR;
				CLANG_WARN_RANGE_LOOP_ANALYSIS = YES;
				CLANG_WARN_STRICT_PROTOTYPES = YES;
				CLANG_WARN_SUSPICIOUS_MOVE = YES;
				CLANG_WARN_UNGUARDED_AVAILABILITY = YES_AGGRESSIVE;
				CLANG_WARN_UNREACHABLE_CODE = YES;
				CLANG_WARN__DUPLICATE_METHOD_MATCH = YES;
				COPY_PHASE_STRIP = NO;
				DEBUG_INFORMATION_FORMAT = dwarf;
				ENABLE_STRICT_OBJC_MSGSEND = YES;
				ENABLE_TESTABILITY = YES;
				GCC_C_LANGUAGE_STANDARD = gnu11;
				GCC_DYNAMIC_NO_PIC = NO;
				GCC_NO_COMMON_BLOCKS = YES;
				GCC_OPTIMIZATION_LEVEL = 0;
				GCC_PREPROCESSOR_DEFINITIONS = (
					"DEBUG=1",
					"$(inherited)",
				);
				GCC_WARN_64_TO_32_BIT_CONVERSION = YES;
				GCC_WARN_ABOUT_RETURN_TYPE = YES_ERROR;
				GCC_WARN_UNDECLARED_SELECTOR = YES;
				GCC_WARN_UNINITIALIZED_AUTOS = YES_AGGRESSIVE;
				GCC_WARN_UNUSED_FUNCTION = YES;
				GCC_WARN_UNUSED_VARIABLE = YES;
				IPHONEOS_DEPLOYMENT_TARGET = 13.2;
				MTL_ENABLE_DEBUG_INFO = INCLUDE_SOURCE;
				MTL_FAST_MATH = YES;
				ONLY_ACTIVE_ARCH = YES;
				SDKROOT = iphoneos;
				SWIFT_ACTIVE_COMPILATION_CONDITIONS = DEBUG;
				SWIFT_OPTIMIZATION_LEVEL = "-Onone";
			};
			name = Debug;
		};
		30BC001923EC626A0007C6BC /* Release */ = {
			isa = XCBuildConfiguration;
			buildSettings = {
				ALWAYS_SEARCH_USER_PATHS = NO;
				CLANG_ANALYZER_NONNULL = YES;
				CLANG_ANALYZER_NUMBER_OBJECT_CONVERSION = YES_AGGRESSIVE;
				CLANG_CXX_LANGUAGE_STANDARD = "gnu++14";
				CLANG_CXX_LIBRARY = "libc++";
				CLANG_ENABLE_MODULES = YES;
				CLANG_ENABLE_OBJC_ARC = YES;
				CLANG_ENABLE_OBJC_WEAK = YES;
				CLANG_WARN_BLOCK_CAPTURE_AUTORELEASING = YES;
				CLANG_WARN_BOOL_CONVERSION = YES;
				CLANG_WARN_COMMA = YES;
				CLANG_WARN_CONSTANT_CONVERSION = YES;
				CLANG_WARN_DEPRECATED_OBJC_IMPLEMENTATIONS = YES;
				CLANG_WARN_DIRECT_OBJC_ISA_USAGE = YES_ERROR;
				CLANG_WARN_DOCUMENTATION_COMMENTS = YES;
				CLANG_WARN_EMPTY_BODY = YES;
				CLANG_WARN_ENUM_CONVERSION = YES;
				CLANG_WARN_INFINITE_RECURSION = YES;
				CLANG_WARN_INT_CONVERSION = YES;
				CLANG_WARN_NON_LITERAL_NULL_CONVERSION = YES;
				CLANG_WARN_OBJC_IMPLICIT_RETAIN_SELF = YES;
				CLANG_WARN_OBJC_LITERAL_CONVERSION = YES;
				CLANG_WARN_OBJC_ROOT_CLASS = YES_ERROR;
				CLANG_WARN_RANGE_LOOP_ANALYSIS = YES;
				CLANG_WARN_STRICT_PROTOTYPES = YES;
				CLANG_WARN_SUSPICIOUS_MOVE = YES;
				CLANG_WARN_UNGUARDED_AVAILABILITY = YES_AGGRESSIVE;
				CLANG_WARN_UNREACHABLE_CODE = YES;
				CLANG_WARN__DUPLICATE_METHOD_MATCH = YES;
				COPY_PHASE_STRIP = NO;
				DEBUG_INFORMATION_FORMAT = "dwarf-with-dsym";
				ENABLE_NS_ASSERTIONS = NO;
				ENABLE_STRICT_OBJC_MSGSEND = YES;
				GCC_C_LANGUAGE_STANDARD = gnu11;
				GCC_NO_COMMON_BLOCKS = YES;
				GCC_WARN_64_TO_32_BIT_CONVERSION = YES;
				GCC_WARN_ABOUT_RETURN_TYPE = YES_ERROR;
				GCC_WARN_UNDECLARED_SELECTOR = YES;
				GCC_WARN_UNINITIALIZED_AUTOS = YES_AGGRESSIVE;
				GCC_WARN_UNUSED_FUNCTION = YES;
				GCC_WARN_UNUSED_VARIABLE = YES;
				IPHONEOS_DEPLOYMENT_TARGET = 13.2;
				MTL_ENABLE_DEBUG_INFO = NO;
				MTL_FAST_MATH = YES;
				SDKROOT = iphoneos;
				SWIFT_COMPILATION_MODE = wholemodule;
				SWIFT_OPTIMIZATION_LEVEL = "-O";
				VALIDATE_PRODUCT = YES;
			};
			name = Release;
		};
		30BC001B23EC626A0007C6BC /* Debug */ = {
			isa = XCBuildConfiguration;
			buildSettings = {
				ASSETCATALOG_COMPILER_APPICON_NAME = AppIcon;
				CODE_SIGN_STYLE = Automatic;
				INFOPLIST_FILE = MVVM/Info.plist;
				LD_RUNPATH_SEARCH_PATHS = (
					"$(inherited)",
					"@executable_path/Frameworks",
				);
				PRODUCT_BUNDLE_IDENTIFIER = com.cecekfosfore.MVVM;
				PRODUCT_NAME = "$(TARGET_NAME)";
				SWIFT_VERSION = 5.0;
				TARGETED_DEVICE_FAMILY = "1,2";
			};
			name = Debug;
		};
		30BC001C23EC626A0007C6BC /* Release */ = {
			isa = XCBuildConfiguration;
			buildSettings = {
				ASSETCATALOG_COMPILER_APPICON_NAME = AppIcon;
				CODE_SIGN_STYLE = Automatic;
				INFOPLIST_FILE = MVVM/Info.plist;
				LD_RUNPATH_SEARCH_PATHS = (
					"$(inherited)",
					"@executable_path/Frameworks",
				);
				PRODUCT_BUNDLE_IDENTIFIER = com.cecekfosfore.MVVM;
				PRODUCT_NAME = "$(TARGET_NAME)";
				SWIFT_VERSION = 5.0;
				TARGETED_DEVICE_FAMILY = "1,2";
			};
			name = Release;
		};
		30BC001E23EC626A0007C6BC /* Debug */ = {
			isa = XCBuildConfiguration;
			buildSettings = {
				ALWAYS_EMBED_SWIFT_STANDARD_LIBRARIES = YES;
				BUNDLE_LOADER = "$(TEST_HOST)";
				CODE_SIGN_STYLE = Automatic;
				INFOPLIST_FILE = MVVMTests/Info.plist;
				IPHONEOS_DEPLOYMENT_TARGET = 13.2;
				LD_RUNPATH_SEARCH_PATHS = (
					"$(inherited)",
					"@executable_path/Frameworks",
					"@loader_path/Frameworks",
				);
				PRODUCT_BUNDLE_IDENTIFIER = com.cecekfosfore.MVVMTests;
				PRODUCT_NAME = "$(TARGET_NAME)";
				SWIFT_VERSION = 5.0;
				TARGETED_DEVICE_FAMILY = "1,2";
				TEST_HOST = "$(BUILT_PRODUCTS_DIR)/MVVM.app/MVVM";
			};
			name = Debug;
		};
		30BC001F23EC626A0007C6BC /* Release */ = {
			isa = XCBuildConfiguration;
			buildSettings = {
				ALWAYS_EMBED_SWIFT_STANDARD_LIBRARIES = YES;
				BUNDLE_LOADER = "$(TEST_HOST)";
				CODE_SIGN_STYLE = Automatic;
				INFOPLIST_FILE = MVVMTests/Info.plist;
				IPHONEOS_DEPLOYMENT_TARGET = 13.2;
				LD_RUNPATH_SEARCH_PATHS = (
					"$(inherited)",
					"@executable_path/Frameworks",
					"@loader_path/Frameworks",
				);
				PRODUCT_BUNDLE_IDENTIFIER = com.cecekfosfore.MVVMTests;
				PRODUCT_NAME = "$(TARGET_NAME)";
				SWIFT_VERSION = 5.0;
				TARGETED_DEVICE_FAMILY = "1,2";
				TEST_HOST = "$(BUILT_PRODUCTS_DIR)/MVVM.app/MVVM";
			};
			name = Release;
		};
		30BC002123EC626A0007C6BC /* Debug */ = {
			isa = XCBuildConfiguration;
			buildSettings = {
				ALWAYS_EMBED_SWIFT_STANDARD_LIBRARIES = YES;
				CODE_SIGN_STYLE = Automatic;
				INFOPLIST_FILE = MVVMUITests/Info.plist;
				LD_RUNPATH_SEARCH_PATHS = (
					"$(inherited)",
					"@executable_path/Frameworks",
					"@loader_path/Frameworks",
				);
				PRODUCT_BUNDLE_IDENTIFIER = com.cecekfosfore.MVVMUITests;
				PRODUCT_NAME = "$(TARGET_NAME)";
				SWIFT_VERSION = 5.0;
				TARGETED_DEVICE_FAMILY = "1,2";
				TEST_TARGET_NAME = MVVM;
			};
			name = Debug;
		};
		30BC002223EC626A0007C6BC /* Release */ = {
			isa = XCBuildConfiguration;
			buildSettings = {
				ALWAYS_EMBED_SWIFT_STANDARD_LIBRARIES = YES;
				CODE_SIGN_STYLE = Automatic;
				INFOPLIST_FILE = MVVMUITests/Info.plist;
				LD_RUNPATH_SEARCH_PATHS = (
					"$(inherited)",
					"@executable_path/Frameworks",
					"@loader_path/Frameworks",
				);
				PRODUCT_BUNDLE_IDENTIFIER = com.cecekfosfore.MVVMUITests;
				PRODUCT_NAME = "$(TARGET_NAME)";
				SWIFT_VERSION = 5.0;
				TARGETED_DEVICE_FAMILY = "1,2";
				TEST_TARGET_NAME = MVVM;
			};
			name = Release;
		};
/* End XCBuildConfiguration section */

/* Begin XCConfigurationList section */
		30BC001A23EC626A0007C6BC /* Build configuration list for PBXNativeTarget "MVVM" */ = {
			isa = XCConfigurationList;
			buildConfigurations = (
				30BC001B23EC626A0007C6BC /* Debug */,
				30BC001C23EC626A0007C6BC /* Release */,
			);
			defaultConfigurationIsVisible = 0;
			defaultConfigurationName = Release;
		};
		30BC001D23EC626A0007C6BC /* Build configuration list for PBXNativeTarget "MVVMTests" */ = {
			isa = XCConfigurationList;
			buildConfigurations = (
				30BC001E23EC626A0007C6BC /* Debug */,
				30BC001F23EC626A0007C6BC /* Release */,
			);
			defaultConfigurationIsVisible = 0;
			defaultConfigurationName = Release;
		};
		30BC002023EC626A0007C6BC /* Build configuration list for PBXNativeTarget "MVVMUITests" */ = {
			isa = XCConfigurationList;
			buildConfigurations = (
				30BC002123EC626A0007C6BC /* Debug */,
				30BC002223EC626A0007C6BC /* Release */,
			);
			defaultConfigurationIsVisible = 0;
			defaultConfigurationName = Release;
		};
		30BCFFEB23EC62670007C6BC /* Build configuration list for PBXProject "MVVM" */ = {
			isa = XCConfigurationList;
			buildConfigurations = (
				30BC001823EC626A0007C6BC /* Debug */,
				30BC001923EC626A0007C6BC /* Release */,
			);
			defaultConfigurationIsVisible = 0;
			defaultConfigurationName = Release;
		};
/* End XCConfigurationList section */
	};
	rootObject = 30BCFFE823EC62670007C6BC /* Project object */;
}
